{
  "nodes": {
    "fenix": {
      "inputs": {
        "nixpkgs": [
          "nixpkgs"
        ],
        "rust-analyzer-src": "rust-analyzer-src"
      },
      "locked": {
        "lastModified": 1741156584,
        "narHash": "sha256-Xju6PhR09gR8cSS1s4FOHw4AhUUmrFDUs9Wj/9KFoGY=",
        "owner": "nix-community",
        "repo": "fenix",
        "rev": "1271797d7c0537b4e5bdd4061a2954b846f2c29c",
        "type": "github"
      },
      "original": {
        "owner": "nix-community",
        "repo": "fenix",
        "type": "github"
      }
    },
    "flake-parts": {
      "inputs": {
        "nixpkgs-lib": "nixpkgs-lib"
      },
      "locked": {
        "lastModified": 1740872218,
        "narHash": "sha256-ZaMw0pdoUKigLpv9HiNDH2Pjnosg7NBYMJlHTIsHEUo=",
        "owner": "hercules-ci",
        "repo": "flake-parts",
        "rev": "3876f6b87db82f33775b1ef5ea343986105db764",
        "type": "github"
      },
      "original": {
        "owner": "hercules-ci",
        "repo": "flake-parts",
        "type": "github"
      }
    },
    "nixpkgs": {
      "locked": {
        "lastModified": 1741231194,
        "narHash": "sha256-Y7OGm/+p0/airnfzmfESs1xOQeSy7h15ZaeJ50i3qrk=",
        "owner": "nixos",
        "repo": "nixpkgs",
        "rev": "53abe0f4b673c78aa2181c2d5555d8ff84147665",
        "type": "github"
      },
      "original": {
        "owner": "nixos",
        "repo": "nixpkgs",
        "type": "github"
      }
    },
    "nixpkgs-lib": {
      "locked": {
        "lastModified": 1740872140,
        "narHash": "sha256-3wHafybyRfpUCLoE8M+uPVZinImg3xX+Nm6gEfN3G8I=",
        "type": "tarball",
        "url": "https://github.com/NixOS/nixpkgs/archive/6d3702243441165a03f699f64416f635220f4f15.tar.gz"
      },
      "original": {
        "type": "tarball",
        "url": "https://github.com/NixOS/nixpkgs/archive/6d3702243441165a03f699f64416f635220f4f15.tar.gz"
      }
    },
    "root": {
      "inputs": {
        "fenix": "fenix",
        "flake-parts": "flake-parts",
        "nixpkgs": "nixpkgs"
      }
    },
    "rust-analyzer-src": {
      "flake": false,
      "locked": {
        "lastModified": 1741011961,
        "narHash": "sha256-bssSxw3Z9CUNB9+f3EHAX/2urT15e12Jy6YU8tHyWkk=",
        "owner": "rust-lang",
        "repo": "rust-analyzer",
        "rev": "02862f5d52c30b476a5dca909a17aa4386d1fdc5",
        "type": "github"
      },
      "original": {
        "owner": "rust-lang",
        "ref": "nightly",
        "repo": "rust-analyzer",
        "type": "github"
      }
    }
  },
  "root": "root",
  "version": 7
}
